{
  "originHash" : "0f6fa789e3ccd649ba0dc0bf0e62d112b1bbe417fa1c42d661c1038d7c38a0a3",
  "pins" : [
    {
      "identity" : "openai",
      "kind" : "remoteSourceControl",
      "location" : "https://github.com/MacPaw/OpenAI.git",
      "state" : {
        "revision" : "5861c597799016026e9c879fb28a8207e59a5b6b",
        "version" : "0.2.7"
      }
    }
  ],
  "version" : 3
}
